
Microsoft Visual Studio Solution File, Format Version 12.00
# Visual Studio Version 16
VisualStudioVersion = 16.0.31410.357
MinimumVisualStudioVersion = 10.0.40219.1
Project("{FAE04EC0-301F-11D3-BF4B-00C04F79EFBC}") = "NewCoreApplication", "NewCoreApplication\NewCoreApplication.csproj", "{B1F2C6EE-D7F3-47EA-883C-92BC83322315}"
EndProject
Global
	GlobalSection(SolutionConfigurationPlatforms) = preSolution
		Debug|Any CPU = Debug|Any CPU
		Release|Any CPU = Release|Any CPU
	EndGlobalSection
	GlobalSection(ProjectConfigurationPlatforms) = postSolution
		{B1F2C6EE-D7F3-47EA-883C-92BC83322315}.Debug|Any CPU.ActiveCfg = Debug|Any CPU
		{B1F2C6EE-D7F3-47EA-883C-92BC83322315}.Debug|Any CPU.Build.0 = Debug|Any CPU
		{B1F2C6EE-D7F3-47EA-883C-92BC83322315}.Release|Any CPU.ActiveCfg = Release|Any CPU
		{B1F2C6EE-D7F3-47EA-883C-92BC83322315}.Release|Any CPU.Build.0 = Release|Any CPU
	EndGlobalSection
	GlobalSection(SolutionProperties) = preSolution
		HideSolutionNode = FALSE
	EndGlobalSection
	GlobalSection(ExtensibilityGlobals) = postSolution
		SolutionGuid = {5028B373-1CC3-41B6-AE2D-C20B1E6BF4BF}
	EndGlobalSection
EndGlobal
